# This file is automatically @generated by Cargo.
# It is not intended for manual editing.
version = 4

[[package]]
name = "hopf"
version = "0.1.0"

[[package]]
name = "point2obj"
version = "0.1.0"
dependencies = [
 "hopf",
]

[[package]]
name = "point2ply"
version = "0.1.0"
dependencies = [
 "hopf",
]
